
Microsoft Visual Studio Solution File, Format Version 12.00
# Visual Studio 15
VisualStudioVersion = 15.0.27004.2002
MinimumVisualStudioVersion = 10.0.40219.1
Project("{FAE04EC0-301F-11D3-BF4B-00C04F79EFBC}") = "Projekt", "Projekt\Projekt.csproj", "{244E5E98-0F15-4102-80BD-CEE198EE003A}"
EndProject
Global
	GlobalSection(SolutionConfigurationPlatforms) = preSolution
		Debug|Any CPU = Debug|Any CPU
		Release|Any CPU = Release|Any CPU
	EndGlobalSection
	GlobalSection(ProjectConfigurationPlatforms) = postSolution
		{244E5E98-0F15-4102-80BD-CEE198EE003A}.Debug|Any CPU.ActiveCfg = Debug|Any CPU
		{244E5E98-0F15-4102-80BD-CEE198EE003A}.Debug|Any CPU.Build.0 = Debug|Any CPU
		{244E5E98-0F15-4102-80BD-CEE198EE003A}.Release|Any CPU.ActiveCfg = Release|Any CPU
		{244E5E98-0F15-4102-80BD-CEE198EE003A}.Release|Any CPU.Build.0 = Release|Any CPU
	EndGlobalSection
	GlobalSection(SolutionProperties) = preSolution
		HideSolutionNode = FALSE
	EndGlobalSection
	GlobalSection(ExtensibilityGlobals) = postSolution
		SolutionGuid = {DA597698-DBCB-47BA-AA0A-C23830BDE174}
	EndGlobalSection
EndGlobal
